
Microsoft Visual Studio Solution File, Format Version 11.00
# Visual Studio 2010
Project("{FAE04EC0-301F-11D3-BF4B-00C04F79EFBC}") = "CreateCatalog", "CreateCatalog\CreateCatalog.csproj", "{D6C519BE-9846-46E6-8FE5-8D08D8D16608}"
EndProject
Global
	GlobalSection(SolutionConfigurationPlatforms) = preSolution
		Debug|x86 = Debug|x86
		Release|x86 = Release|x86
	EndGlobalSection
	GlobalSection(ProjectConfigurationPlatforms) = postSolution
		{D6C519BE-9846-46E6-8FE5-8D08D8D16608}.Debug|x86.ActiveCfg = Debug|x86
		{D6C519BE-9846-46E6-8FE5-8D08D8D16608}.Debug|x86.Build.0 = Debug|x86
		{D6C519BE-9846-46E6-8FE5-8D08D8D16608}.Release|x86.ActiveCfg = Release|x86
		{D6C519BE-9846-46E6-8FE5-8D08D8D16608}.Release|x86.Build.0 = Release|x86
	EndGlobalSection
	GlobalSection(SolutionProperties) = preSolution
		HideSolutionNode = FALSE
	EndGlobalSection
EndGlobal
